
Microsoft Visual Studio Solution File, Format Version 12.00
# Visual Studio Version 16
VisualStudioVersion = 16.0.30406.217
MinimumVisualStudioVersion = 10.0.40219.1
Project("{FAE04EC0-301F-11D3-BF4B-00C04F79EFBC}") = "00_继承实现多态1", "9_23_多态2\00_继承实现多态1.csproj", "{93F04C0E-5482-4D7F-BB3E-3ED1BFFE23BC}"
EndProject
Project("{FAE04EC0-301F-11D3-BF4B-00C04F79EFBC}") = "01_继承实现多态2", "01_继承实现多态2\01_继承实现多态2.csproj", "{C29FD2A8-3114-45DB-9F80-F064307EDB23}"
EndProject
Project("{FAE04EC0-301F-11D3-BF4B-00C04F79EFBC}") = "02_方法的重载", "02_方法的重载\02_方法的重载.csproj", "{B5E8B56B-66F0-473A-985F-6F914A5CAF1E}"
EndProject
Project("{FAE04EC0-301F-11D3-BF4B-00C04F79EFBC}") = "ADD_ClassLibrary", "ADD_ClassLibrary\ADD_ClassLibrary.csproj", "{4F969023-63F2-4B9F-B642-9A7932EF6D08}"
EndProject
Project("{FAE04EC0-301F-11D3-BF4B-00C04F79EFBC}") = "03_里氏转换", "03_里氏转换\03_里氏转换.csproj", "{879DE36D-D251-4014-BA40-374DF57F285F}"
EndProject
Project("{FAE04EC0-301F-11D3-BF4B-00C04F79EFBC}") = "练习题", "练习题\练习题.csproj", "{450239CB-B9A2-4BD2-BDF7-877C2E34BEB5}"
EndProject
Global
	GlobalSection(SolutionConfigurationPlatforms) = preSolution
		Debug|Any CPU = Debug|Any CPU
		Release|Any CPU = Release|Any CPU
	EndGlobalSection
	GlobalSection(ProjectConfigurationPlatforms) = postSolution
		{93F04C0E-5482-4D7F-BB3E-3ED1BFFE23BC}.Debug|Any CPU.ActiveCfg = Debug|Any CPU
		{93F04C0E-5482-4D7F-BB3E-3ED1BFFE23BC}.Debug|Any CPU.Build.0 = Debug|Any CPU
		{93F04C0E-5482-4D7F-BB3E-3ED1BFFE23BC}.Release|Any CPU.ActiveCfg = Release|Any CPU
		{93F04C0E-5482-4D7F-BB3E-3ED1BFFE23BC}.Release|Any CPU.Build.0 = Release|Any CPU
		{C29FD2A8-3114-45DB-9F80-F064307EDB23}.Debug|Any CPU.ActiveCfg = Debug|Any CPU
		{C29FD2A8-3114-45DB-9F80-F064307EDB23}.Debug|Any CPU.Build.0 = Debug|Any CPU
		{C29FD2A8-3114-45DB-9F80-F064307EDB23}.Release|Any CPU.ActiveCfg = Release|Any CPU
		{C29FD2A8-3114-45DB-9F80-F064307EDB23}.Release|Any CPU.Build.0 = Release|Any CPU
		{B5E8B56B-66F0-473A-985F-6F914A5CAF1E}.Debug|Any CPU.ActiveCfg = Debug|Any CPU
		{B5E8B56B-66F0-473A-985F-6F914A5CAF1E}.Debug|Any CPU.Build.0 = Debug|Any CPU
		{B5E8B56B-66F0-473A-985F-6F914A5CAF1E}.Release|Any CPU.ActiveCfg = Release|Any CPU
		{B5E8B56B-66F0-473A-985F-6F914A5CAF1E}.Release|Any CPU.Build.0 = Release|Any CPU
		{4F969023-63F2-4B9F-B642-9A7932EF6D08}.Debug|Any CPU.ActiveCfg = Debug|Any CPU
		{4F969023-63F2-4B9F-B642-9A7932EF6D08}.Debug|Any CPU.Build.0 = Debug|Any CPU
		{4F969023-63F2-4B9F-B642-9A7932EF6D08}.Release|Any CPU.ActiveCfg = Release|Any CPU
		{4F969023-63F2-4B9F-B642-9A7932EF6D08}.Release|Any CPU.Build.0 = Release|Any CPU
		{879DE36D-D251-4014-BA40-374DF57F285F}.Debug|Any CPU.ActiveCfg = Debug|Any CPU
		{879DE36D-D251-4014-BA40-374DF57F285F}.Debug|Any CPU.Build.0 = Debug|Any CPU
		{879DE36D-D251-4014-BA40-374DF57F285F}.Release|Any CPU.ActiveCfg = Release|Any CPU
		{879DE36D-D251-4014-BA40-374DF57F285F}.Release|Any CPU.Build.0 = Release|Any CPU
		{450239CB-B9A2-4BD2-BDF7-877C2E34BEB5}.Debug|Any CPU.ActiveCfg = Debug|Any CPU
		{450239CB-B9A2-4BD2-BDF7-877C2E34BEB5}.Debug|Any CPU.Build.0 = Debug|Any CPU
		{450239CB-B9A2-4BD2-BDF7-877C2E34BEB5}.Release|Any CPU.ActiveCfg = Release|Any CPU
		{450239CB-B9A2-4BD2-BDF7-877C2E34BEB5}.Release|Any CPU.Build.0 = Release|Any CPU
	EndGlobalSection
	GlobalSection(SolutionProperties) = preSolution
		HideSolutionNode = FALSE
	EndGlobalSection
	GlobalSection(ExtensibilityGlobals) = postSolution
		SolutionGuid = {4A6215E0-C535-4946-99B2-0298098BDD25}
	EndGlobalSection
EndGlobal
